
Microsoft Visual Studio Solution File, Format Version 12.00
# Visual Studio Version 16
VisualStudioVersion = 16.0.30104.148
MinimumVisualStudioVersion = 10.0.40219.1
Project("{FAE04EC0-301F-11D3-BF4B-00C04F79EFBC}") = "RemindYoSelf", "RemindYoSelf\RemindYoSelf.csproj", "{732C68AB-BCA4-4304-8E25-579555D1E9EB}"
EndProject
Global
	GlobalSection(SolutionConfigurationPlatforms) = preSolution
		Debug|Any CPU = Debug|Any CPU
		Release|Any CPU = Release|Any CPU
	EndGlobalSection
	GlobalSection(ProjectConfigurationPlatforms) = postSolution
		{732C68AB-BCA4-4304-8E25-579555D1E9EB}.Debug|Any CPU.ActiveCfg = Debug|Any CPU
		{732C68AB-BCA4-4304-8E25-579555D1E9EB}.Debug|Any CPU.Build.0 = Debug|Any CPU
		{732C68AB-BCA4-4304-8E25-579555D1E9EB}.Release|Any CPU.ActiveCfg = Release|Any CPU
		{732C68AB-BCA4-4304-8E25-579555D1E9EB}.Release|Any CPU.Build.0 = Release|Any CPU
	EndGlobalSection
	GlobalSection(SolutionProperties) = preSolution
		HideSolutionNode = FALSE
	EndGlobalSection
	GlobalSection(ExtensibilityGlobals) = postSolution
		SolutionGuid = {BABD6019-8ABA-4340-8A94-8393B25D29F7}
	EndGlobalSection
EndGlobal
